// !$*UTF8*$!
{
	archiveVersion = 1;
	classes = {
	};
	objectVersion = 50;
	objects = {

/* Begin PBXBuildFile section */
		88533BE026C4AE5E00155BAA /* AppDelegate.swift in Sources */ = {isa = PBXBuildFile; fileRef = 88533BDF26C4AE5E00155BAA /* AppDelegate.swift */; };
		88533BE226C4AE5E00155BAA /* SceneDelegate.swift in Sources */ = {isa = PBXBuildFile; fileRef = 88533BE126C4AE5E00155BAA /* SceneDelegate.swift */; };
		88533BE426C4AE5E00155BAA /* HomeTableViewController.swift in Sources */ = {isa = PBXBuildFile; fileRef = 88533BE326C4AE5E00155BAA /* HomeTableViewController.swift */; };
		88533BE726C4AE5F00155BAA /* Main.storyboard in Resources */ = {isa = PBXBuildFile; fileRef = 88533BE526C4AE5E00155BAA /* Main.storyboard */; };
		88533BE926C4AE6000155BAA /* Assets.xcassets in Resources */ = {isa = PBXBuildFile; fileRef = 88533BE826C4AE6000155BAA /* Assets.xcassets */; };
		88533BEC26C4AE6000155BAA /* LaunchScreen.storyboard in Resources */ = {isa = PBXBuildFile; fileRef = 88533BEA26C4AE6000155BAA /* LaunchScreen.storyboard */; };
		88533BF726C4AED900155BAA /* HomeTableViewCell.swift in Sources */ = {isa = PBXBuildFile; fileRef = 88533BF626C4AED900155BAA /* HomeTableViewCell.swift */; };
		8853C4D226C5EA880087765A /* StudentsViewController.swift in Sources */ = {isa = PBXBuildFile; fileRef = 8853C4D126C5EA880087765A /* StudentsViewController.swift */; };
/* End PBXBuildFile section */

/* Begin PBXFileReference section */
		88533BDC26C4AE5E00155BAA /* Schedule.app */ = {isa = PBXFileReference; explicitFileType = wrapper.application; includeInIndex = 0; path = Schedule.app; sourceTree = BUILT_PRODUCTS_DIR; };
		88533BDF26C4AE5E00155BAA /* AppDelegate.swift */ = {isa = PBXFileReference; lastKnownFileType = sourcecode.swift; path = AppDelegate.swift; sourceTree = "<group>"; };
		88533BE126C4AE5E00155BAA /* SceneDelegate.swift */ = {isa = PBXFileReference; lastKnownFileType = sourcecode.swift; path = SceneDelegate.swift; sourceTree = "<group>"; };
		88533BE326C4AE5E00155BAA /* HomeTableViewController.swift */ = {isa = PBXFileReference; lastKnownFileType = sourcecode.swift; path = HomeTableViewController.swift; sourceTree = "<group>"; };
		88533BE626C4AE5E00155BAA /* Base */ = {isa = PBXFileReference; lastKnownFileType = file.storyboard; name = Base; path = Base.lproj/Main.storyboard; sourceTree = "<group>"; };
		88533BE826C4AE6000155BAA /* Assets.xcassets */ = {isa = PBXFileReference; lastKnownFileType = folder.assetcatalog; path = Assets.xcassets; sourceTree = "<group>"; };
		88533BEB26C4AE6000155BAA /* Base */ = {isa = PBXFileReference; lastKnownFileType = file.storyboard; name = Base; path = Base.lproj/LaunchScreen.storyboard; sourceTree = "<group>"; };
		88533BED26C4AE6000155BAA /* Info.plist */ = {isa = PBXFileReference; lastKnownFileType = text.plist.xml; path = Info.plist; sourceTree = "<group>"; };
		88533BF626C4AED900155BAA /* HomeTableViewCell.swift */ = {isa = PBXFileReference; lastKnownFileType = sourcecode.swift; path = HomeTableViewCell.swift; sourceTree = "<group>"; };
		8853C4D126C5EA880087765A /* StudentsViewController.swift */ = {isa = PBXFileReference; lastKnownFileType = sourcecode.swift; path = StudentsViewController.swift; sourceTree = "<group>"; };
/* End PBXFileReference section */

/* Begin PBXFrameworksBuildPhase section */
		88533BD926C4AE5E00155BAA /* Frameworks */ = {
			isa = PBXFrameworksBuildPhase;
			buildActionMask = 2147483647;
			files = (
			);
			runOnlyForDeploymentPostprocessing = 0;
		};
/* End PBXFrameworksBuildPhase section */

/* Begin PBXGroup section */
		88533BD326C4AE5E00155BAA = {
			isa = PBXGroup;
			children = (
				88533BDE26C4AE5E00155BAA /* Schedule */,
				88533BDD26C4AE5E00155BAA /* Products */,
			);
			sourceTree = "<group>";
		};
		88533BDD26C4AE5E00155BAA /* Products */ = {
			isa = PBXGroup;
			children = (
				88533BDC26C4AE5E00155BAA /* Schedule.app */,
			);
			name = Products;
			sourceTree = "<group>";
		};
		88533BDE26C4AE5E00155BAA /* Schedule */ = {
			isa = PBXGroup;
			children = (
				88533BF326C4AE8200155BAA /* Home */,
				8853C4D026C5EA230087765A /* Students */,
				88533BDF26C4AE5E00155BAA /* AppDelegate.swift */,
				88533BE126C4AE5E00155BAA /* SceneDelegate.swift */,
				88533BE526C4AE5E00155BAA /* Main.storyboard */,
				88533BE826C4AE6000155BAA /* Assets.xcassets */,
				88533BEA26C4AE6000155BAA /* LaunchScreen.storyboard */,
				88533BED26C4AE6000155BAA /* Info.plist */,
			);
			path = Schedule;
			sourceTree = "<group>";
		};
		88533BF326C4AE8200155BAA /* Home */ = {
			isa = PBXGroup;
			children = (
				88533BF426C4AE9000155BAA /* Controller */,
				88533BF526C4AE9500155BAA /* View */,
			);
			path = Home;
			sourceTree = "<group>";
		};
		88533BF426C4AE9000155BAA /* Controller */ = {
			isa = PBXGroup;
			children = (
				88533BE326C4AE5E00155BAA /* HomeTableViewController.swift */,
			);
			path = Controller;
			sourceTree = "<group>";
		};
		88533BF526C4AE9500155BAA /* View */ = {
			isa = PBXGroup;
			children = (
				88533BF626C4AED900155BAA /* HomeTableViewCell.swift */,
			);
			path = View;
			sourceTree = "<group>";
		};
		8853C4D026C5EA230087765A /* Students */ = {
			isa = PBXGroup;
			children = (
				8853C4D126C5EA880087765A /* StudentsViewController.swift */,
			);
			path = Students;
			sourceTree = "<group>";
		};
/* End PBXGroup section */

/* Begin PBXNativeTarget section */
		88533BDB26C4AE5E00155BAA /* Schedule */ = {
			isa = PBXNativeTarget;
			buildConfigurationList = 88533BF026C4AE6000155BAA /* Build configuration list for PBXNativeTarget "Schedule" */;
			buildPhases = (
				88533BD826C4AE5E00155BAA /* Sources */,
				88533BD926C4AE5E00155BAA /* Frameworks */,
				88533BDA26C4AE5E00155BAA /* Resources */,
			);
			buildRules = (
			);
			dependencies = (
			);
			name = Schedule;
			productName = Schedule;
			productReference = 88533BDC26C4AE5E00155BAA /* Schedule.app */;
			productType = "com.apple.product-type.application";
		};
/* End PBXNativeTarget section */

/* Begin PBXProject section */
		88533BD426C4AE5E00155BAA /* Project object */ = {
			isa = PBXProject;
			attributes = {
				LastSwiftUpdateCheck = 1250;
				LastUpgradeCheck = 1250;
				TargetAttributes = {
					88533BDB26C4AE5E00155BAA = {
						CreatedOnToolsVersion = 12.5;
					};
				};
			};
			buildConfigurationList = 88533BD726C4AE5E00155BAA /* Build configuration list for PBXProject "Schedule" */;
			compatibilityVersion = "Xcode 9.3";
			developmentRegion = en;
			hasScannedForEncodings = 0;
			knownRegions = (
				en,
				Base,
			);
			mainGroup = 88533BD326C4AE5E00155BAA;
			productRefGroup = 88533BDD26C4AE5E00155BAA /* Products */;
			projectDirPath = "";
			projectRoot = "";
			targets = (
				88533BDB26C4AE5E00155BAA /* Schedule */,
			);
		};
/* End PBXProject section */

/* Begin PBXResourcesBuildPhase section */
		88533BDA26C4AE5E00155BAA /* Resources */ = {
			isa = PBXResourcesBuildPhase;
			buildActionMask = 2147483647;
			files = (
				88533BEC26C4AE6000155BAA /* LaunchScreen.storyboard in Resources */,
				88533BE926C4AE6000155BAA /* Assets.xcassets in Resources */,
				88533BE726C4AE5F00155BAA /* Main.storyboard in Resources */,
			);
			runOnlyForDeploymentPostprocessing = 0;
		};
/* End PBXResourcesBuildPhase section */

/* Begin PBXSourcesBuildPhase section */
		88533BD826C4AE5E00155BAA /* Sources */ = {
			isa = PBXSourcesBuildPhase;
			buildActionMask = 2147483647;
			files = (
				88533BE426C4AE5E00155BAA /* HomeTableViewController.swift in Sources */,
				88533BE026C4AE5E00155BAA /* AppDelegate.swift in Sources */,
				88533BF726C4AED900155BAA /* HomeTableViewCell.swift in Sources */,
				8853C4D226C5EA880087765A /* StudentsViewController.swift in Sources */,
				88533BE226C4AE5E00155BAA /* SceneDelegate.swift in Sources */,
			);
			runOnlyForDeploymentPostprocessing = 0;
		};
/* End PBXSourcesBuildPhase section */

/* Begin PBXVariantGroup section */
		88533BE526C4AE5E00155BAA /* Main.storyboard */ = {
			isa = PBXVariantGroup;
			children = (
				88533BE626C4AE5E00155BAA /* Base */,
			);
			name = Main.storyboard;
			sourceTree = "<group>";
		};
		88533BEA26C4AE6000155BAA /* LaunchScreen.storyboard */ = {
			isa = PBXVariantGroup;
			children = (
				88533BEB26C4AE6000155BAA /* Base */,
			);
			name = LaunchScreen.storyboard;
			sourceTree = "<group>";
		};
/* End PBXVariantGroup section */

/* Begin XCBuildConfiguration section */
		88533BEE26C4AE6000155BAA /* Debug */ = {
			isa = XCBuildConfiguration;
			buildSettings = {
				ALWAYS_SEARCH_USER_PATHS = NO;
				CLANG_ANALYZER_NONNULL = YES;
				CLANG_ANALYZER_NUMBER_OBJECT_CONVERSION = YES_AGGRESSIVE;
				CLANG_CXX_LANGUAGE_STANDARD = "gnu++14";
				CLANG_CXX_LIBRARY = "libc++";
				CLANG_ENABLE_MODULES = YES;
				CLANG_ENABLE_OBJC_ARC = YES;
				CLANG_ENABLE_OBJC_WEAK = YES;
				CLANG_WARN_BLOCK_CAPTURE_AUTORELEASING = YES;
				CLANG_WARN_BOOL_CONVERSION = YES;
				CLANG_WARN_COMMA = YES;
				CLANG_WARN_CONSTANT_CONVERSION = YES;
				CLANG_WARN_DEPRECATED_OBJC_IMPLEMENTATIONS = YES;
				CLANG_WARN_DIRECT_OBJC_ISA_USAGE = YES_ERROR;
				CLANG_WARN_DOCUMENTATION_COMMENTS = YES;
				CLANG_WARN_EMPTY_BODY = YES;
				CLANG_WARN_ENUM_CONVERSION = YES;
				CLANG_WARN_INFINITE_RECURSION = YES;
				CLANG_WARN_INT_CONVERSION = YES;
				CLANG_WARN_NON_LITERAL_NULL_CONVERSION = YES;
				CLANG_WARN_OBJC_IMPLICIT_RETAIN_SELF = YES;
				CLANG_WARN_OBJC_LITERAL_CONVERSION = YES;
				CLANG_WARN_OBJC_ROOT_CLASS = YES_ERROR;
				CLANG_WARN_QUOTED_INCLUDE_IN_FRAMEWORK_HEADER = YES;
				CLANG_WARN_RANGE_LOOP_ANALYSIS = YES;
				CLANG_WARN_STRICT_PROTOTYPES = YES;
				CLANG_WARN_SUSPICIOUS_MOVE = YES;
				CLANG_WARN_UNGUARDED_AVAILABILITY = YES_AGGRESSIVE;
				CLANG_WARN_UNREACHABLE_CODE = YES;
				CLANG_WARN__DUPLICATE_METHOD_MATCH = YES;
				COPY_PHASE_STRIP = NO;
				DEBUG_INFORMATION_FORMAT = dwarf;
				ENABLE_STRICT_OBJC_MSGSEND = YES;
				ENABLE_TESTABILITY = YES;
				GCC_C_LANGUAGE_STANDARD = gnu11;
				GCC_DYNAMIC_NO_PIC = NO;
				GCC_NO_COMMON_BLOCKS = YES;
				GCC_OPTIMIZATION_LEVEL = 0;
				GCC_PREPROCESSOR_DEFINITIONS = (
					"DEBUG=1",
					"$(inherited)",
				);
				GCC_WARN_64_TO_32_BIT_CONVERSION = YES;
				GCC_WARN_ABOUT_RETURN_TYPE = YES_ERROR;
				GCC_WARN_UNDECLARED_SELECTOR = YES;
				GCC_WARN_UNINITIALIZED_AUTOS = YES_AGGRESSIVE;
				GCC_WARN_UNUSED_FUNCTION = YES;
				GCC_WARN_UNUSED_VARIABLE = YES;
				IPHONEOS_DEPLOYMENT_TARGET = 14.5;
				MTL_ENABLE_DEBUG_INFO = INCLUDE_SOURCE;
				MTL_FAST_MATH = YES;
				ONLY_ACTIVE_ARCH = YES;
				SDKROOT = iphoneos;
				SWIFT_ACTIVE_COMPILATION_CONDITIONS = DEBUG;
				SWIFT_OPTIMIZATION_LEVEL = "-Onone";
			};
			name = Debug;
		};
		88533BEF26C4AE6000155BAA /* Release */ = {
			isa = XCBuildConfiguration;
			buildSettings = {
				ALWAYS_SEARCH_USER_PATHS = NO;
				CLANG_ANALYZER_NONNULL = YES;
				CLANG_ANALYZER_NUMBER_OBJECT_CONVERSION = YES_AGGRESSIVE;
				CLANG_CXX_LANGUAGE_STANDARD = "gnu++14";
				CLANG_CXX_LIBRARY = "libc++";
				CLANG_ENABLE_MODULES = YES;
				CLANG_ENABLE_OBJC_ARC = YES;
				CLANG_ENABLE_OBJC_WEAK = YES;
				CLANG_WARN_BLOCK_CAPTURE_AUTORELEASING = YES;
				CLANG_WARN_BOOL_CONVERSION = YES;
				CLANG_WARN_COMMA = YES;
				CLANG_WARN_CONSTANT_CONVERSION = YES;
				CLANG_WARN_DEPRECATED_OBJC_IMPLEMENTATIONS = YES;
				CLANG_WARN_DIRECT_OBJC_ISA_USAGE = YES_ERROR;
				CLANG_WARN_DOCUMENTATION_COMMENTS = YES;
				CLANG_WARN_EMPTY_BODY = YES;
				CLANG_WARN_ENUM_CONVERSION = YES;
				CLANG_WARN_INFINITE_RECURSION = YES;
				CLANG_WARN_INT_CONVERSION = YES;
				CLANG_WARN_NON_LITERAL_NULL_CONVERSION = YES;
				CLANG_WARN_OBJC_IMPLICIT_RETAIN_SELF = YES;
				CLANG_WARN_OBJC_LITERAL_CONVERSION = YES;
				CLANG_WARN_OBJC_ROOT_CLASS = YES_ERROR;
				CLANG_WARN_QUOTED_INCLUDE_IN_FRAMEWORK_HEADER = YES;
				CLANG_WARN_RANGE_LOOP_ANALYSIS = YES;
				CLANG_WARN_STRICT_PROTOTYPES = YES;
				CLANG_WARN_SUSPICIOUS_MOVE = YES;
				CLANG_WARN_UNGUARDED_AVAILABILITY = YES_AGGRESSIVE;
				CLANG_WARN_UNREACHABLE_CODE = YES;
				CLANG_WARN__DUPLICATE_METHOD_MATCH = YES;
				COPY_PHASE_STRIP = NO;
				DEBUG_INFORMATION_FORMAT = "dwarf-with-dsym";
				ENABLE_NS_ASSERTIONS = NO;
				ENABLE_STRICT_OBJC_MSGSEND = YES;
				GCC_C_LANGUAGE_STANDARD = gnu11;
				GCC_NO_COMMON_BLOCKS = YES;
				GCC_WARN_64_TO_32_BIT_CONVERSION = YES;
				GCC_WARN_ABOUT_RETURN_TYPE = YES_ERROR;
				GCC_WARN_UNDECLARED_SELECTOR = YES;
				GCC_WARN_UNINITIALIZED_AUTOS = YES_AGGRESSIVE;
				GCC_WARN_UNUSED_FUNCTION = YES;
				GCC_WARN_UNUSED_VARIABLE = YES;
				IPHONEOS_DEPLOYMENT_TARGET = 14.5;
				MTL_ENABLE_DEBUG_INFO = NO;
				MTL_FAST_MATH = YES;
				SDKROOT = iphoneos;
				SWIFT_COMPILATION_MODE = wholemodule;
				SWIFT_OPTIMIZATION_LEVEL = "-O";
				VALIDATE_PRODUCT = YES;
			};
			name = Release;
		};
		88533BF126C4AE6000155BAA /* Debug */ = {
			isa = XCBuildConfiguration;
			buildSettings = {
				ASSETCATALOG_COMPILER_APPICON_NAME = AppIcon;
				ASSETCATALOG_COMPILER_GLOBAL_ACCENT_COLOR_NAME = AccentColor;
				CODE_SIGN_STYLE = Automatic;
				DEVELOPMENT_TEAM = J89XP6WQS5;
				INFOPLIST_FILE = Schedule/Info.plist;
				LD_RUNPATH_SEARCH_PATHS = (
					"$(inherited)",
					"@executable_path/Frameworks",
				);
				PRODUCT_BUNDLE_IDENTIFIER = br.com.vierrra.Schedule;
				PRODUCT_NAME = "$(TARGET_NAME)";
				SWIFT_VERSION = 5.0;
				TARGETED_DEVICE_FAMILY = "1,2";
			};
			name = Debug;
		};
		88533BF226C4AE6000155BAA /* Release */ = {
			isa = XCBuildConfiguration;
			buildSettings = {
				ASSETCATALOG_COMPILER_APPICON_NAME = AppIcon;
				ASSETCATALOG_COMPILER_GLOBAL_ACCENT_COLOR_NAME = AccentColor;
				CODE_SIGN_STYLE = Automatic;
				DEVELOPMENT_TEAM = J89XP6WQS5;
				INFOPLIST_FILE = Schedule/Info.plist;
				LD_RUNPATH_SEARCH_PATHS = (
					"$(inherited)",
					"@executable_path/Frameworks",
				);
				PRODUCT_BUNDLE_IDENTIFIER = br.com.vierrra.Schedule;
				PRODUCT_NAME = "$(TARGET_NAME)";
				SWIFT_VERSION = 5.0;
				TARGETED_DEVICE_FAMILY = "1,2";
			};
			name = Release;
		};
/* End XCBuildConfiguration section */

/* Begin XCConfigurationList section */
		88533BD726C4AE5E00155BAA /* Build configuration list for PBXProject "Schedule" */ = {
			isa = XCConfigurationList;
			buildConfigurations = (
				88533BEE26C4AE6000155BAA /* Debug */,
				88533BEF26C4AE6000155BAA /* Release */,
			);
			defaultConfigurationIsVisible = 0;
			defaultConfigurationName = Release;
		};
		88533BF026C4AE6000155BAA /* Build configuration list for PBXNativeTarget "Schedule" */ = {
			isa = XCConfigurationList;
			buildConfigurations = (
				88533BF126C4AE6000155BAA /* Debug */,
				88533BF226C4AE6000155BAA /* Release */,
			);
			defaultConfigurationIsVisible = 0;
			defaultConfigurationName = Release;
		};
/* End XCConfigurationList section */
	};
	rootObject = 88533BD426C4AE5E00155BAA /* Project object */;
}
